// !$*UTF8*$!
{
	archiveVersion = 1;
	classes = {
	};
	objectVersion = 56;
	objects = {

/* Begin PBXBuildFile section */
		22A5FD7F2995EF6C00BFE28B /* SecondView.swift in Sources */ = {isa = PBXBuildFile; fileRef = 22A5FD7E2995EF6C00BFE28B /* SecondView.swift */; };
		22A5FD812995EF7C00BFE28B /* ThirdView.swift in Sources */ = {isa = PBXBuildFile; fileRef = 22A5FD802995EF7C00BFE28B /* ThirdView.swift */; };
		22A5FD842995F44800BFE28B /* AppThemeKey.swift in Sources */ = {isa = PBXBuildFile; fileRef = 22A5FD832995F44800BFE28B /* AppThemeKey.swift */; };
		22A5FD862995F48500BFE28B /* AppTheme.swift in Sources */ = {isa = PBXBuildFile; fileRef = 22A5FD852995F48500BFE28B /* AppTheme.swift */; };
		22A5FD882995F51D00BFE28B /* Constants.swift in Sources */ = {isa = PBXBuildFile; fileRef = 22A5FD872995F51D00BFE28B /* Constants.swift */; };
		22B43E6629947D7300706429 /* ChangeThemeColorApp.swift in Sources */ = {isa = PBXBuildFile; fileRef = 22B43E6529947D7300706429 /* ChangeThemeColorApp.swift */; };
		22B43E6829947D7300706429 /* FirstView.swift in Sources */ = {isa = PBXBuildFile; fileRef = 22B43E6729947D7300706429 /* FirstView.swift */; };
		22B43E6A29947D7400706429 /* Assets.xcassets in Resources */ = {isa = PBXBuildFile; fileRef = 22B43E6929947D7400706429 /* Assets.xcassets */; };
		22B43E6D29947D7400706429 /* Preview Assets.xcassets in Resources */ = {isa = PBXBuildFile; fileRef = 22B43E6C29947D7400706429 /* Preview Assets.xcassets */; };
/* End PBXBuildFile section */

/* Begin PBXFileReference section */
		22A5FD7E2995EF6C00BFE28B /* SecondView.swift */ = {isa = PBXFileReference; lastKnownFileType = sourcecode.swift; path = SecondView.swift; sourceTree = "<group>"; };
		22A5FD802995EF7C00BFE28B /* ThirdView.swift */ = {isa = PBXFileReference; lastKnownFileType = sourcecode.swift; path = ThirdView.swift; sourceTree = "<group>"; };
		22A5FD832995F44800BFE28B /* AppThemeKey.swift */ = {isa = PBXFileReference; lastKnownFileType = sourcecode.swift; path = AppThemeKey.swift; sourceTree = "<group>"; };
		22A5FD852995F48500BFE28B /* AppTheme.swift */ = {isa = PBXFileReference; lastKnownFileType = sourcecode.swift; path = AppTheme.swift; sourceTree = "<group>"; };
		22A5FD872995F51D00BFE28B /* Constants.swift */ = {isa = PBXFileReference; lastKnownFileType = sourcecode.swift; path = Constants.swift; sourceTree = "<group>"; };
		22B43E6229947D7300706429 /* ChangeThemeColor.app */ = {isa = PBXFileReference; explicitFileType = wrapper.application; includeInIndex = 0; path = ChangeThemeColor.app; sourceTree = BUILT_PRODUCTS_DIR; };
		22B43E6529947D7300706429 /* ChangeThemeColorApp.swift */ = {isa = PBXFileReference; lastKnownFileType = sourcecode.swift; path = ChangeThemeColorApp.swift; sourceTree = "<group>"; };
		22B43E6729947D7300706429 /* FirstView.swift */ = {isa = PBXFileReference; lastKnownFileType = sourcecode.swift; path = FirstView.swift; sourceTree = "<group>"; };
		22B43E6929947D7400706429 /* Assets.xcassets */ = {isa = PBXFileReference; lastKnownFileType = folder.assetcatalog; path = Assets.xcassets; sourceTree = "<group>"; };
		22B43E6C29947D7400706429 /* Preview Assets.xcassets */ = {isa = PBXFileReference; lastKnownFileType = folder.assetcatalog; path = "Preview Assets.xcassets"; sourceTree = "<group>"; };
/* End PBXFileReference section */

/* Begin PBXFrameworksBuildPhase section */
		22B43E5F29947D7300706429 /* Frameworks */ = {
			isa = PBXFrameworksBuildPhase;
			buildActionMask = 2147483647;
			files = (
			);
			runOnlyForDeploymentPostprocessing = 0;
		};
/* End PBXFrameworksBuildPhase section */

/* Begin PBXGroup section */
		22A5FD822995F3D700BFE28B /* Views */ = {
			isa = PBXGroup;
			children = (
				22B43E6729947D7300706429 /* FirstView.swift */,
				22A5FD7E2995EF6C00BFE28B /* SecondView.swift */,
				22A5FD802995EF7C00BFE28B /* ThirdView.swift */,
			);
			path = Views;
			sourceTree = "<group>";
		};
		22A5FD892995F94900BFE28B /* Environment Keys */ = {
			isa = PBXGroup;
			children = (
				22A5FD832995F44800BFE28B /* AppThemeKey.swift */,
				22A5FD852995F48500BFE28B /* AppTheme.swift */,
				22A5FD872995F51D00BFE28B /* Constants.swift */,
			);
			path = "Environment Keys";
			sourceTree = "<group>";
		};
		22B43E5929947D7300706429 = {
			isa = PBXGroup;
			children = (
				22B43E6429947D7300706429 /* ChangeThemeColor */,
				22B43E6329947D7300706429 /* Products */,
			);
			sourceTree = "<group>";
		};
		22B43E6329947D7300706429 /* Products */ = {
			isa = PBXGroup;
			children = (
				22B43E6229947D7300706429 /* ChangeThemeColor.app */,
			);
			name = Products;
			sourceTree = "<group>";
		};
		22B43E6429947D7300706429 /* ChangeThemeColor */ = {
			isa = PBXGroup;
			children = (
				22B43E6529947D7300706429 /* ChangeThemeColorApp.swift */,
				22A5FD892995F94900BFE28B /* Environment Keys */,
				22A5FD822995F3D700BFE28B /* Views */,
				22B43E6929947D7400706429 /* Assets.xcassets */,
				22B43E6B29947D7400706429 /* Preview Content */,
			);
			path = ChangeThemeColor;
			sourceTree = "<group>";
		};
		22B43E6B29947D7400706429 /* Preview Content */ = {
			isa = PBXGroup;
			children = (
				22B43E6C29947D7400706429 /* Preview Assets.xcassets */,
			);
			path = "Preview Content";
			sourceTree = "<group>";
		};
/* End PBXGroup section */

/* Begin PBXNativeTarget section */
		22B43E6129947D7300706429 /* ChangeThemeColor */ = {
			isa = PBXNativeTarget;
			buildConfigurationList = 22B43E7029947D7400706429 /* Build configuration list for PBXNativeTarget "ChangeThemeColor" */;
			buildPhases = (
				22B43E5E29947D7300706429 /* Sources */,
				22B43E5F29947D7300706429 /* Frameworks */,
				22B43E6029947D7300706429 /* Resources */,
			);
			buildRules = (
			);
			dependencies = (
			);
			name = ChangeThemeColor;
			productName = ChangeThemeColor;
			productReference = 22B43E6229947D7300706429 /* ChangeThemeColor.app */;
			productType = "com.apple.product-type.application";
		};
/* End PBXNativeTarget section */

/* Begin PBXProject section */
		22B43E5A29947D7300706429 /* Project object */ = {
			isa = PBXProject;
			attributes = {
				BuildIndependentTargetsInParallel = 1;
				LastSwiftUpdateCheck = 1420;
				LastUpgradeCheck = 1420;
				TargetAttributes = {
					22B43E6129947D7300706429 = {
						CreatedOnToolsVersion = 14.2;
					};
				};
			};
			buildConfigurationList = 22B43E5D29947D7300706429 /* Build configuration list for PBXProject "ChangeThemeColor" */;
			compatibilityVersion = "Xcode 14.0";
			developmentRegion = en;
			hasScannedForEncodings = 0;
			knownRegions = (
				en,
				Base,
			);
			mainGroup = 22B43E5929947D7300706429;
			productRefGroup = 22B43E6329947D7300706429 /* Products */;
			projectDirPath = "";
			projectRoot = "";
			targets = (
				22B43E6129947D7300706429 /* ChangeThemeColor */,
			);
		};
/* End PBXProject section */

/* Begin PBXResourcesBuildPhase section */
		22B43E6029947D7300706429 /* Resources */ = {
			isa = PBXResourcesBuildPhase;
			buildActionMask = 2147483647;
			files = (
				22B43E6D29947D7400706429 /* Preview Assets.xcassets in Resources */,
				22B43E6A29947D7400706429 /* Assets.xcassets in Resources */,
			);
			runOnlyForDeploymentPostprocessing = 0;
		};
/* End PBXResourcesBuildPhase section */

/* Begin PBXSourcesBuildPhase section */
		22B43E5E29947D7300706429 /* Sources */ = {
			isa = PBXSourcesBuildPhase;
			buildActionMask = 2147483647;
			files = (
				22A5FD812995EF7C00BFE28B /* ThirdView.swift in Sources */,
				22A5FD842995F44800BFE28B /* AppThemeKey.swift in Sources */,
				22A5FD7F2995EF6C00BFE28B /* SecondView.swift in Sources */,
				22A5FD862995F48500BFE28B /* AppTheme.swift in Sources */,
				22A5FD882995F51D00BFE28B /* Constants.swift in Sources */,
				22B43E6829947D7300706429 /* FirstView.swift in Sources */,
				22B43E6629947D7300706429 /* ChangeThemeColorApp.swift in Sources */,
			);
			runOnlyForDeploymentPostprocessing = 0;
		};
/* End PBXSourcesBuildPhase section */

/* Begin XCBuildConfiguration section */
		22B43E6E29947D7400706429 /* Debug */ = {
			isa = XCBuildConfiguration;
			buildSettings = {
				ALWAYS_SEARCH_USER_PATHS = NO;
				CLANG_ANALYZER_NONNULL = YES;
				CLANG_ANALYZER_NUMBER_OBJECT_CONVERSION = YES_AGGRESSIVE;
				CLANG_CXX_LANGUAGE_STANDARD = "gnu++20";
				CLANG_ENABLE_MODULES = YES;
				CLANG_ENABLE_OBJC_ARC = YES;
				CLANG_ENABLE_OBJC_WEAK = YES;
				CLANG_WARN_BLOCK_CAPTURE_AUTORELEASING = YES;
				CLANG_WARN_BOOL_CONVERSION = YES;
				CLANG_WARN_COMMA = YES;
				CLANG_WARN_CONSTANT_CONVERSION = YES;
				CLANG_WARN_DEPRECATED_OBJC_IMPLEMENTATIONS = YES;
				CLANG_WARN_DIRECT_OBJC_ISA_USAGE = YES_ERROR;
				CLANG_WARN_DOCUMENTATION_COMMENTS = YES;
				CLANG_WARN_EMPTY_BODY = YES;
				CLANG_WARN_ENUM_CONVERSION = YES;
				CLANG_WARN_INFINITE_RECURSION = YES;
				CLANG_WARN_INT_CONVERSION = YES;
				CLANG_WARN_NON_LITERAL_NULL_CONVERSION = YES;
				CLANG_WARN_OBJC_IMPLICIT_RETAIN_SELF = YES;
				CLANG_WARN_OBJC_LITERAL_CONVERSION = YES;
				CLANG_WARN_OBJC_ROOT_CLASS = YES_ERROR;
				CLANG_WARN_QUOTED_INCLUDE_IN_FRAMEWORK_HEADER = YES;
				CLANG_WARN_RANGE_LOOP_ANALYSIS = YES;
				CLANG_WARN_STRICT_PROTOTYPES = YES;
				CLANG_WARN_SUSPICIOUS_MOVE = YES;
				CLANG_WARN_UNGUARDED_AVAILABILITY = YES_AGGRESSIVE;
				CLANG_WARN_UNREACHABLE_CODE = YES;
				CLANG_WARN__DUPLICATE_METHOD_MATCH = YES;
				COPY_PHASE_STRIP = NO;
				DEBUG_INFORMATION_FORMAT = dwarf;
				ENABLE_STRICT_OBJC_MSGSEND = YES;
				ENABLE_TESTABILITY = YES;
				GCC_C_LANGUAGE_STANDARD = gnu11;
				GCC_DYNAMIC_NO_PIC = NO;
				GCC_NO_COMMON_BLOCKS = YES;
				GCC_OPTIMIZATION_LEVEL = 0;
				GCC_PREPROCESSOR_DEFINITIONS = (
					"DEBUG=1",
					"$(inherited)",
				);
				GCC_WARN_64_TO_32_BIT_CONVERSION = YES;
				GCC_WARN_ABOUT_RETURN_TYPE = YES_ERROR;
				GCC_WARN_UNDECLARED_SELECTOR = YES;
				GCC_WARN_UNINITIALIZED_AUTOS = YES_AGGRESSIVE;
				GCC_WARN_UNUSED_FUNCTION = YES;
				GCC_WARN_UNUSED_VARIABLE = YES;
				IPHONEOS_DEPLOYMENT_TARGET = 16.2;
				MTL_ENABLE_DEBUG_INFO = INCLUDE_SOURCE;
				MTL_FAST_MATH = YES;
				ONLY_ACTIVE_ARCH = YES;
				SDKROOT = iphoneos;
				SWIFT_ACTIVE_COMPILATION_CONDITIONS = DEBUG;
				SWIFT_OPTIMIZATION_LEVEL = "-Onone";
			};
			name = Debug;
		};
		22B43E6F29947D7400706429 /* Release */ = {
			isa = XCBuildConfiguration;
			buildSettings = {
				ALWAYS_SEARCH_USER_PATHS = NO;
				CLANG_ANALYZER_NONNULL = YES;
				CLANG_ANALYZER_NUMBER_OBJECT_CONVERSION = YES_AGGRESSIVE;
				CLANG_CXX_LANGUAGE_STANDARD = "gnu++20";
				CLANG_ENABLE_MODULES = YES;
				CLANG_ENABLE_OBJC_ARC = YES;
				CLANG_ENABLE_OBJC_WEAK = YES;
				CLANG_WARN_BLOCK_CAPTURE_AUTORELEASING = YES;
				CLANG_WARN_BOOL_CONVERSION = YES;
				CLANG_WARN_COMMA = YES;
				CLANG_WARN_CONSTANT_CONVERSION = YES;
				CLANG_WARN_DEPRECATED_OBJC_IMPLEMENTATIONS = YES;
				CLANG_WARN_DIRECT_OBJC_ISA_USAGE = YES_ERROR;
				CLANG_WARN_DOCUMENTATION_COMMENTS = YES;
				CLANG_WARN_EMPTY_BODY = YES;
				CLANG_WARN_ENUM_CONVERSION = YES;
				CLANG_WARN_INFINITE_RECURSION = YES;
				CLANG_WARN_INT_CONVERSION = YES;
				CLANG_WARN_NON_LITERAL_NULL_CONVERSION = YES;
				CLANG_WARN_OBJC_IMPLICIT_RETAIN_SELF = YES;
				CLANG_WARN_OBJC_LITERAL_CONVERSION = YES;
				CLANG_WARN_OBJC_ROOT_CLASS = YES_ERROR;
				CLANG_WARN_QUOTED_INCLUDE_IN_FRAMEWORK_HEADER = YES;
				CLANG_WARN_RANGE_LOOP_ANALYSIS = YES;
				CLANG_WARN_STRICT_PROTOTYPES = YES;
				CLANG_WARN_SUSPICIOUS_MOVE = YES;
				CLANG_WARN_UNGUARDED_AVAILABILITY = YES_AGGRESSIVE;
				CLANG_WARN_UNREACHABLE_CODE = YES;
				CLANG_WARN__DUPLICATE_METHOD_MATCH = YES;
				COPY_PHASE_STRIP = NO;
				DEBUG_INFORMATION_FORMAT = "dwarf-with-dsym";
				ENABLE_NS_ASSERTIONS = NO;
				ENABLE_STRICT_OBJC_MSGSEND = YES;
				GCC_C_LANGUAGE_STANDARD = gnu11;
				GCC_NO_COMMON_BLOCKS = YES;
				GCC_WARN_64_TO_32_BIT_CONVERSION = YES;
				GCC_WARN_ABOUT_RETURN_TYPE = YES_ERROR;
				GCC_WARN_UNDECLARED_SELECTOR = YES;
				GCC_WARN_UNINITIALIZED_AUTOS = YES_AGGRESSIVE;
				GCC_WARN_UNUSED_FUNCTION = YES;
				GCC_WARN_UNUSED_VARIABLE = YES;
				IPHONEOS_DEPLOYMENT_TARGET = 16.2;
				MTL_ENABLE_DEBUG_INFO = NO;
				MTL_FAST_MATH = YES;
				SDKROOT = iphoneos;
				SWIFT_COMPILATION_MODE = wholemodule;
				SWIFT_OPTIMIZATION_LEVEL = "-O";
				VALIDATE_PRODUCT = YES;
			};
			name = Release;
		};
		22B43E7129947D7400706429 /* Debug */ = {
			isa = XCBuildConfiguration;
			buildSettings = {
				ASSETCATALOG_COMPILER_APPICON_NAME = AppIcon;
				ASSETCATALOG_COMPILER_GLOBAL_ACCENT_COLOR_NAME = AccentColor;
				CODE_SIGN_STYLE = Automatic;
				CURRENT_PROJECT_VERSION = 1;
				DEVELOPMENT_ASSET_PATHS = "\"ChangeThemeColor/Preview Content\"";
				DEVELOPMENT_TEAM = F5N3N4V2WZ;
				ENABLE_PREVIEWS = YES;
				GENERATE_INFOPLIST_FILE = YES;
				INFOPLIST_KEY_UIApplicationSceneManifest_Generation = YES;
				INFOPLIST_KEY_UIApplicationSupportsIndirectInputEvents = YES;
				INFOPLIST_KEY_UILaunchScreen_Generation = YES;
				INFOPLIST_KEY_UISupportedInterfaceOrientations_iPad = "UIInterfaceOrientationPortrait UIInterfaceOrientationPortraitUpsideDown UIInterfaceOrientationLandscapeLeft UIInterfaceOrientationLandscapeRight";
				INFOPLIST_KEY_UISupportedInterfaceOrientations_iPhone = "UIInterfaceOrientationPortrait UIInterfaceOrientationLandscapeLeft UIInterfaceOrientationLandscapeRight";
				LD_RUNPATH_SEARCH_PATHS = (
					"$(inherited)",
					"@executable_path/Frameworks",
				);
				MARKETING_VERSION = 1.0;
				PRODUCT_BUNDLE_IDENTIFIER = ca.judyyu.ChangeThemeColor;
				PRODUCT_NAME = "$(TARGET_NAME)";
				SWIFT_EMIT_LOC_STRINGS = YES;
				SWIFT_VERSION = 5.0;
				TARGETED_DEVICE_FAMILY = "1,2";
			};
			name = Debug;
		};
		22B43E7229947D7400706429 /* Release */ = {
			isa = XCBuildConfiguration;
			buildSettings = {
				ASSETCATALOG_COMPILER_APPICON_NAME = AppIcon;
				ASSETCATALOG_COMPILER_GLOBAL_ACCENT_COLOR_NAME = AccentColor;
				CODE_SIGN_STYLE = Automatic;
				CURRENT_PROJECT_VERSION = 1;
				DEVELOPMENT_ASSET_PATHS = "\"ChangeThemeColor/Preview Content\"";
				DEVELOPMENT_TEAM = F5N3N4V2WZ;
				ENABLE_PREVIEWS = YES;
				GENERATE_INFOPLIST_FILE = YES;
				INFOPLIST_KEY_UIApplicationSceneManifest_Generation = YES;
				INFOPLIST_KEY_UIApplicationSupportsIndirectInputEvents = YES;
				INFOPLIST_KEY_UILaunchScreen_Generation = YES;
				INFOPLIST_KEY_UISupportedInterfaceOrientations_iPad = "UIInterfaceOrientationPortrait UIInterfaceOrientationPortraitUpsideDown UIInterfaceOrientationLandscapeLeft UIInterfaceOrientationLandscapeRight";
				INFOPLIST_KEY_UISupportedInterfaceOrientations_iPhone = "UIInterfaceOrientationPortrait UIInterfaceOrientationLandscapeLeft UIInterfaceOrientationLandscapeRight";
				LD_RUNPATH_SEARCH_PATHS = (
					"$(inherited)",
					"@executable_path/Frameworks",
				);
				MARKETING_VERSION = 1.0;
				PRODUCT_BUNDLE_IDENTIFIER = ca.judyyu.ChangeThemeColor;
				PRODUCT_NAME = "$(TARGET_NAME)";
				SWIFT_EMIT_LOC_STRINGS = YES;
				SWIFT_VERSION = 5.0;
				TARGETED_DEVICE_FAMILY = "1,2";
			};
			name = Release;
		};
/* End XCBuildConfiguration section */

/* Begin XCConfigurationList section */
		22B43E5D29947D7300706429 /* Build configuration list for PBXProject "ChangeThemeColor" */ = {
			isa = XCConfigurationList;
			buildConfigurations = (
				22B43E6E29947D7400706429 /* Debug */,
				22B43E6F29947D7400706429 /* Release */,
			);
			defaultConfigurationIsVisible = 0;
			defaultConfigurationName = Release;
		};
		22B43E7029947D7400706429 /* Build configuration list for PBXNativeTarget "ChangeThemeColor" */ = {
			isa = XCConfigurationList;
			buildConfigurations = (
				22B43E7129947D7400706429 /* Debug */,
				22B43E7229947D7400706429 /* Release */,
			);
			defaultConfigurationIsVisible = 0;
			defaultConfigurationName = Release;
		};
/* End XCConfigurationList section */
	};
	rootObject = 22B43E5A29947D7300706429 /* Project object */;
}
